// !$*UTF8*$!
{
	archiveVersion = 1;
	classes = {
	};
	objectVersion = 77;
	objects = {

/* Begin PBXBuildFile section */
		7F3BD3BF2EF11A2B0088BD93 /* CoreBluetooth.framework in Frameworks */ = {isa = PBXBuildFile; fileRef = 7F3BD3BE2EF11A2B0088BD93 /* CoreBluetooth.framework */; };
/* End PBXBuildFile section */

/* Begin PBXContainerItemProxy section */
		7F492BB32EF1161400A65308 /* PBXContainerItemProxy */ = {
			isa = PBXContainerItemProxy;
			containerPortal = 7F492B9B2EF1161100A65308 /* Project object */;
			proxyType = 1;
			remoteGlobalIDString = 7F492BA22EF1161100A65308;
			remoteInfo = MochilaAlarma;
		};
		7F492BBD2EF1161400A65308 /* PBXContainerItemProxy */ = {
			isa = PBXContainerItemProxy;
			containerPortal = 7F492B9B2EF1161100A65308 /* Project object */;
			proxyType = 1;
			remoteGlobalIDString = 7F492BA22EF1161100A65308;
			remoteInfo = MochilaAlarma;
		};
/* End PBXContainerItemProxy section */

/* Begin PBXFileReference section */
		7F3BD3BE2EF11A2B0088BD93 /* CoreBluetooth.framework */ = {isa = PBXFileReference; lastKnownFileType = wrapper.framework; name = CoreBluetooth.framework; path = System/Library/Frameworks/CoreBluetooth.framework; sourceTree = SDKROOT; };
		7F492BA32EF1161100A65308 /* MochilaAlarma.app */ = {isa = PBXFileReference; explicitFileType = wrapper.application; includeInIndex = 0; path = MochilaAlarma.app; sourceTree = BUILT_PRODUCTS_DIR; };
		7F492BB22EF1161400A65308 /* MochilaAlarmaTests.xctest */ = {isa = PBXFileReference; explicitFileType = wrapper.cfbundle; includeInIndex = 0; path = MochilaAlarmaTests.xctest; sourceTree = BUILT_PRODUCTS_DIR; };
		7F492BBC2EF1161400A65308 /* MochilaAlarmaUITests.xctest */ = {isa = PBXFileReference; explicitFileType = wrapper.cfbundle; includeInIndex = 0; path = MochilaAlarmaUITests.xctest; sourceTree = BUILT_PRODUCTS_DIR; };
/* End PBXFileReference section */

/* Begin PBXFileSystemSynchronizedBuildFileExceptionSet section */
		7F3BD3D42EF11E380088BD93 /* Exceptions for "MochilaAlarma" folder in "MochilaAlarma" target */ = {
			isa = PBXFileSystemSynchronizedBuildFileExceptionSet;
			membershipExceptions = (
				Info.plist,
			);
			target = 7F492BA22EF1161100A65308 /* MochilaAlarma */;
		};
/* End PBXFileSystemSynchronizedBuildFileExceptionSet section */

/* Begin PBXFileSystemSynchronizedRootGroup section */
		7F492BA52EF1161100A65308 /* MochilaAlarma */ = {
			isa = PBXFileSystemSynchronizedRootGroup;
			exceptions = (
				7F3BD3D42EF11E380088BD93 /* Exceptions for "MochilaAlarma" folder in "MochilaAlarma" target */,
			);
			path = MochilaAlarma;
			sourceTree = "<group>";
		};
		7F492BB52EF1161400A65308 /* MochilaAlarmaTests */ = {
			isa = PBXFileSystemSynchronizedRootGroup;
			path = MochilaAlarmaTests;
			sourceTree = "<group>";
		};
		7F492BBF2EF1161400A65308 /* MochilaAlarmaUITests */ = {
			isa = PBXFileSystemSynchronizedRootGroup;
			path = MochilaAlarmaUITests;
			sourceTree = "<group>";
		};
/* End PBXFileSystemSynchronizedRootGroup section */

/* Begin PBXFrameworksBuildPhase section */
		7F492BA02EF1161100A65308 /* Frameworks */ = {
			isa = PBXFrameworksBuildPhase;
			buildActionMask = 2147483647;
			files = (
				7F3BD3BF2EF11A2B0088BD93 /* CoreBluetooth.framework in Frameworks */,
			);
			runOnlyForDeploymentPostprocessing = 0;
		};
		7F492BAF2EF1161400A65308 /* Frameworks */ = {
			isa = PBXFrameworksBuildPhase;
			buildActionMask = 2147483647;
			files = (
			);
			runOnlyForDeploymentPostprocessing = 0;
		};
		7F492BB92EF1161400A65308 /* Frameworks */ = {
			isa = PBXFrameworksBuildPhase;
			buildActionMask = 2147483647;
			files = (
			);
			runOnlyForDeploymentPostprocessing = 0;
		};
/* End PBXFrameworksBuildPhase section */

/* Begin PBXGroup section */
		7F3BD3BD2EF11A2A0088BD93 /* Frameworks */ = {
			isa = PBXGroup;
			children = (
				7F3BD3BE2EF11A2B0088BD93 /* CoreBluetooth.framework */,
			);
			name = Frameworks;
			sourceTree = "<group>";
		};
		7F492B9A2EF1161100A65308 = {
			isa = PBXGroup;
			children = (
				7F492BA52EF1161100A65308 /* MochilaAlarma */,
				7F492BB52EF1161400A65308 /* MochilaAlarmaTests */,
				7F492BBF2EF1161400A65308 /* MochilaAlarmaUITests */,
				7F3BD3BD2EF11A2A0088BD93 /* Frameworks */,
				7F492BA42EF1161100A65308 /* Products */,
			);
			sourceTree = "<group>";
		};
		7F492BA42EF1161100A65308 /* Products */ = {
			isa = PBXGroup;
			children = (
				7F492BA32EF1161100A65308 /* MochilaAlarma.app */,
				7F492BB22EF1161400A65308 /* MochilaAlarmaTests.xctest */,
				7F492BBC2EF1161400A65308 /* MochilaAlarmaUITests.xctest */,
			);
			name = Products;
			sourceTree = "<group>";
		};
/* End PBXGroup section */

/* Begin PBXNativeTarget section */
		7F492BA22EF1161100A65308 /* MochilaAlarma */ = {
			isa = PBXNativeTarget;
			buildConfigurationList = 7F492BC62EF1161400A65308 /* Build configuration list for PBXNativeTarget "MochilaAlarma" */;
			buildPhases = (
				7F492B9F2EF1161100A65308 /* Sources */,
				7F492BA02EF1161100A65308 /* Frameworks */,
				7F492BA12EF1161100A65308 /* Resources */,
			);
			buildRules = (
			);
			dependencies = (
			);
			fileSystemSynchronizedGroups = (
				7F492BA52EF1161100A65308 /* MochilaAlarma */,
			);
			name = MochilaAlarma;
			packageProductDependencies = (
			);
			productName = MochilaAlarma;
			productReference = 7F492BA32EF1161100A65308 /* MochilaAlarma.app */;
			productType = "com.apple.product-type.application";
		};
		7F492BB12EF1161400A65308 /* MochilaAlarmaTests */ = {
			isa = PBXNativeTarget;
			buildConfigurationList = 7F492BC92EF1161400A65308 /* Build configuration list for PBXNativeTarget "MochilaAlarmaTests" */;
			buildPhases = (
				7F492BAE2EF1161400A65308 /* Sources */,
				7F492BAF2EF1161400A65308 /* Frameworks */,
				7F492BB02EF1161400A65308 /* Resources */,
			);
			buildRules = (
			);
			dependencies = (
				7F492BB42EF1161400A65308 /* PBXTargetDependency */,
			);
			fileSystemSynchronizedGroups = (
				7F492BB52EF1161400A65308 /* MochilaAlarmaTests */,
			);
			name = MochilaAlarmaTests;
			packageProductDependencies = (
			);
			productName = MochilaAlarmaTests;
			productReference = 7F492BB22EF1161400A65308 /* MochilaAlarmaTests.xctest */;
			productType = "com.apple.product-type.bundle.unit-test";
		};
		7F492BBB2EF1161400A65308 /* MochilaAlarmaUITests */ = {
			isa = PBXNativeTarget;
			buildConfigurationList = 7F492BCC2EF1161400A65308 /* Build configuration list for PBXNativeTarget "MochilaAlarmaUITests" */;
			buildPhases = (
				7F492BB82EF1161400A65308 /* Sources */,
				7F492BB92EF1161400A65308 /* Frameworks */,
				7F492BBA2EF1161400A65308 /* Resources */,
			);
			buildRules = (
			);
			dependencies = (
				7F492BBE2EF1161400A65308 /* PBXTargetDependency */,
			);
			fileSystemSynchronizedGroups = (
				7F492BBF2EF1161400A65308 /* MochilaAlarmaUITests */,
			);
			name = MochilaAlarmaUITests;
			packageProductDependencies = (
			);
			productName = MochilaAlarmaUITests;
			productReference = 7F492BBC2EF1161400A65308 /* MochilaAlarmaUITests.xctest */;
			productType = "com.apple.product-type.bundle.ui-testing";
		};
/* End PBXNativeTarget section */

/* Begin PBXProject section */
		7F492B9B2EF1161100A65308 /* Project object */ = {
			isa = PBXProject;
			attributes = {
				BuildIndependentTargetsInParallel = 1;
				LastSwiftUpdateCheck = 2610;
				LastUpgradeCheck = 2610;
				TargetAttributes = {
					7F492BA22EF1161100A65308 = {
						CreatedOnToolsVersion = 26.1.1;
					};
					7F492BB12EF1161400A65308 = {
						CreatedOnToolsVersion = 26.1.1;
						TestTargetID = 7F492BA22EF1161100A65308;
					};
					7F492BBB2EF1161400A65308 = {
						CreatedOnToolsVersion = 26.1.1;
						TestTargetID = 7F492BA22EF1161100A65308;
					};
				};
			};
			buildConfigurationList = 7F492B9E2EF1161100A65308 /* Build configuration list for PBXProject "MochilaAlarma" */;
			developmentRegion = en;
			hasScannedForEncodings = 0;
			knownRegions = (
				en,
				Base,
			);
			mainGroup = 7F492B9A2EF1161100A65308;
			minimizedProjectReferenceProxies = 1;
			preferredProjectObjectVersion = 77;
			productRefGroup = 7F492BA42EF1161100A65308 /* Products */;
			projectDirPath = "";
			projectRoot = "";
			targets = (
				7F492BA22EF1161100A65308 /* MochilaAlarma */,
				7F492BB12EF1161400A65308 /* MochilaAlarmaTests */,
				7F492BBB2EF1161400A65308 /* MochilaAlarmaUITests */,
			);
		};
/* End PBXProject section */

/* Begin PBXResourcesBuildPhase section */
		7F492BA12EF1161100A65308 /* Resources */ = {
			isa = PBXResourcesBuildPhase;
			buildActionMask = 2147483647;
			files = (
			);
			runOnlyForDeploymentPostprocessing = 0;
		};
		7F492BB02EF1161400A65308 /* Resources */ = {
			isa = PBXResourcesBuildPhase;
			buildActionMask = 2147483647;
			files = (
			);
			runOnlyForDeploymentPostprocessing = 0;
		};
		7F492BBA2EF1161400A65308 /* Resources */ = {
			isa = PBXResourcesBuildPhase;
			buildActionMask = 2147483647;
			files = (
			);
			runOnlyForDeploymentPostprocessing = 0;
		};
/* End PBXResourcesBuildPhase section */

/* Begin PBXSourcesBuildPhase section */
		7F492B9F2EF1161100A65308 /* Sources */ = {
			isa = PBXSourcesBuildPhase;
			buildActionMask = 2147483647;
			files = (
			);
			runOnlyForDeploymentPostprocessing = 0;
		};
		7F492BAE2EF1161400A65308 /* Sources */ = {
			isa = PBXSourcesBuildPhase;
			buildActionMask = 2147483647;
			files = (
			);
			runOnlyForDeploymentPostprocessing = 0;
		};
		7F492BB82EF1161400A65308 /* Sources */ = {
			isa = PBXSourcesBuildPhase;
			buildActionMask = 2147483647;
			files = (
			);
			runOnlyForDeploymentPostprocessing = 0;
		};
/* End PBXSourcesBuildPhase section */

/* Begin PBXTargetDependency section */
		7F492BB42EF1161400A65308 /* PBXTargetDependency */ = {
			isa = PBXTargetDependency;
			target = 7F492BA22EF1161100A65308 /* MochilaAlarma */;
			targetProxy = 7F492BB32EF1161400A65308 /* PBXContainerItemProxy */;
		};
		7F492BBE2EF1161400A65308 /* PBXTargetDependency */ = {
			isa = PBXTargetDependency;
			target = 7F492BA22EF1161100A65308 /* MochilaAlarma */;
			targetProxy = 7F492BBD2EF1161400A65308 /* PBXContainerItemProxy */;
		};
/* End PBXTargetDependency section */

/* Begin XCBuildConfiguration section */
		7F492BC42EF1161400A65308 /* Debug */ = {
			isa = XCBuildConfiguration;
			buildSettings = {
				ALWAYS_SEARCH_USER_PATHS = NO;
				ASSETCATALOG_COMPILER_GENERATE_SWIFT_ASSET_SYMBOL_EXTENSIONS = YES;
				CLANG_ANALYZER_NONNULL = YES;
				CLANG_ANALYZER_NUMBER_OBJECT_CONVERSION = YES_AGGRESSIVE;
				CLANG_CXX_LANGUAGE_STANDARD = "gnu++20";
				CLANG_ENABLE_MODULES = YES;
				CLANG_ENABLE_OBJC_ARC = YES;
				CLANG_ENABLE_OBJC_WEAK = YES;
				CLANG_WARN_BLOCK_CAPTURE_AUTORELEASING = YES;
				CLANG_WARN_BOOL_CONVERSION = YES;
				CLANG_WARN_COMMA = YES;
				CLANG_WARN_CONSTANT_CONVERSION = YES;
				CLANG_WARN_DEPRECATED_OBJC_IMPLEMENTATIONS = YES;
				CLANG_WARN_DIRECT_OBJC_ISA_USAGE = YES_ERROR;
				CLANG_WARN_DOCUMENTATION_COMMENTS = YES;
				CLANG_WARN_EMPTY_BODY = YES;
				CLANG_WARN_ENUM_CONVERSION = YES;
				CLANG_WARN_INFINITE_RECURSION = YES;
				CLANG_WARN_INT_CONVERSION = YES;
				CLANG_WARN_NON_LITERAL_NULL_CONVERSION = YES;
				CLANG_WARN_OBJC_IMPLICIT_RETAIN_SELF = YES;
				CLANG_WARN_OBJC_LITERAL_CONVERSION = YES;
				CLANG_WARN_OBJC_ROOT_CLASS = YES_ERROR;
				CLANG_WARN_QUOTED_INCLUDE_IN_FRAMEWORK_HEADER = YES;
				CLANG_WARN_RANGE_LOOP_ANALYSIS = YES;
				CLANG_WARN_STRICT_PROTOTYPES = YES;
				CLANG_WARN_SUSPICIOUS_MOVE = YES;
				CLANG_WARN_UNGUARDED_AVAILABILITY = YES_AGGRESSIVE;
				CLANG_WARN_UNREACHABLE_CODE = YES;
				CLANG_WARN__DUPLICATE_METHOD_MATCH = YES;
				COPY_PHASE_STRIP = NO;
				DEBUG_INFORMATION_FORMAT = dwarf;
				DEVELOPMENT_TEAM = X7S6AXXC9S;
				ENABLE_STRICT_OBJC_MSGSEND = YES;
				ENABLE_TESTABILITY = YES;
				ENABLE_USER_SCRIPT_SANDBOXING = YES;
				GCC_C_LANGUAGE_STANDARD = gnu17;
				GCC_DYNAMIC_NO_PIC = NO;
				GCC_NO_COMMON_BLOCKS = YES;
				GCC_OPTIMIZATION_LEVEL = 0;
				GCC_PREPROCESSOR_DEFINITIONS = (
					"DEBUG=1",
					"$(inherited)",
				);
				GCC_WARN_64_TO_32_BIT_CONVERSION = YES;
				GCC_WARN_ABOUT_RETURN_TYPE = YES_ERROR;
				GCC_WARN_UNDECLARED_SELECTOR = YES;
				GCC_WARN_UNINITIALIZED_AUTOS = YES_AGGRESSIVE;
				GCC_WARN_UNUSED_FUNCTION = YES;
				GCC_WARN_UNUSED_VARIABLE = YES;
				IPHONEOS_DEPLOYMENT_TARGET = 26.1;
				LOCALIZATION_PREFERS_STRING_CATALOGS = YES;
				MTL_ENABLE_DEBUG_INFO = INCLUDE_SOURCE;
				MTL_FAST_MATH = YES;
				ONLY_ACTIVE_ARCH = YES;
				SDKROOT = iphoneos;
				SWIFT_ACTIVE_COMPILATION_CONDITIONS = "DEBUG $(inherited)";
				SWIFT_OPTIMIZATION_LEVEL = "-Onone";
			};
			name = Debug;
		};
		7F492BC52EF1161400A65308 /* Release */ = {
			isa = XCBuildConfiguration;
			buildSettings = {
				ALWAYS_SEARCH_USER_PATHS = NO;
				ASSETCATALOG_COMPILER_GENERATE_SWIFT_ASSET_SYMBOL_EXTENSIONS = YES;
				CLANG_ANALYZER_NONNULL = YES;
				CLANG_ANALYZER_NUMBER_OBJECT_CONVERSION = YES_AGGRESSIVE;
				CLANG_CXX_LANGUAGE_STANDARD = "gnu++20";
				CLANG_ENABLE_MODULES = YES;
				CLANG_ENABLE_OBJC_ARC = YES;
				CLANG_ENABLE_OBJC_WEAK = YES;
				CLANG_WARN_BLOCK_CAPTURE_AUTORELEASING = YES;
				CLANG_WARN_BOOL_CONVERSION = YES;
				CLANG_WARN_COMMA = YES;
				CLANG_WARN_CONSTANT_CONVERSION = YES;
				CLANG_WARN_DEPRECATED_OBJC_IMPLEMENTATIONS = YES;
				CLANG_WARN_DIRECT_OBJC_ISA_USAGE = YES_ERROR;
				CLANG_WARN_DOCUMENTATION_COMMENTS = YES;
				CLANG_WARN_EMPTY_BODY = YES;
				CLANG_WARN_ENUM_CONVERSION = YES;
				CLANG_WARN_INFINITE_RECURSION = YES;
				CLANG_WARN_INT_CONVERSION = YES;
				CLANG_WARN_NON_LITERAL_NULL_CONVERSION = YES;
				CLANG_WARN_OBJC_IMPLICIT_RETAIN_SELF = YES;
				CLANG_WARN_OBJC_LITERAL_CONVERSION = YES;
				CLANG_WARN_OBJC_ROOT_CLASS = YES_ERROR;
				CLANG_WARN_QUOTED_INCLUDE_IN_FRAMEWORK_HEADER = YES;
				CLANG_WARN_RANGE_LOOP_ANALYSIS = YES;
				CLANG_WARN_STRICT_PROTOTYPES = YES;
				CLANG_WARN_SUSPICIOUS_MOVE = YES;
				CLANG_WARN_UNGUARDED_AVAILABILITY = YES_AGGRESSIVE;
				CLANG_WARN_UNREACHABLE_CODE = YES;
				CLANG_WARN__DUPLICATE_METHOD_MATCH = YES;
				COPY_PHASE_STRIP = NO;
				DEBUG_INFORMATION_FORMAT = "dwarf-with-dsym";
				DEVELOPMENT_TEAM = X7S6AXXC9S;
				ENABLE_NS_ASSERTIONS = NO;
				ENABLE_STRICT_OBJC_MSGSEND = YES;
				ENABLE_USER_SCRIPT_SANDBOXING = YES;
				GCC_C_LANGUAGE_STANDARD = gnu17;
				GCC_NO_COMMON_BLOCKS = YES;
				GCC_WARN_64_TO_32_BIT_CONVERSION = YES;
				GCC_WARN_ABOUT_RETURN_TYPE = YES_ERROR;
				GCC_WARN_UNDECLARED_SELECTOR = YES;
				GCC_WARN_UNINITIALIZED_AUTOS = YES_AGGRESSIVE;
				GCC_WARN_UNUSED_FUNCTION = YES;
				GCC_WARN_UNUSED_VARIABLE = YES;
				IPHONEOS_DEPLOYMENT_TARGET = 26.1;
				LOCALIZATION_PREFERS_STRING_CATALOGS = YES;
				MTL_ENABLE_DEBUG_INFO = NO;
				MTL_FAST_MATH = YES;
				SDKROOT = iphoneos;
				SWIFT_COMPILATION_MODE = wholemodule;
				VALIDATE_PRODUCT = YES;
			};
			name = Release;
		};
		7F492BC72EF1161400A65308 /* Debug */ = {
			isa = XCBuildConfiguration;
			buildSettings = {
				ASSETCATALOG_COMPILER_APPICON_NAME = AppIcon;
				ASSETCATALOG_COMPILER_GLOBAL_ACCENT_COLOR_NAME = AccentColor;
				CODE_SIGN_STYLE = Automatic;
				CURRENT_PROJECT_VERSION = 1;
				DEVELOPMENT_TEAM = X7S6AXXC9S;
				ENABLE_PREVIEWS = YES;
				GENERATE_INFOPLIST_FILE = NO;
				INFOPLIST_FILE = MochilaAlarma/Info.plist;
				INFOPLIST_KEY_CFBundleDisplayName = Mochila;
				INFOPLIST_KEY_LSApplicationCategoryType = "public.app-category.developer-tools";
				INFOPLIST_KEY_UIApplicationSceneManifest_Generation = YES;
				INFOPLIST_KEY_UIApplicationSupportsIndirectInputEvents = YES;
				INFOPLIST_KEY_UILaunchScreen_Generation = YES;
				INFOPLIST_KEY_UISupportedInterfaceOrientations_iPad = "UIInterfaceOrientationPortrait UIInterfaceOrientationPortraitUpsideDown UIInterfaceOrientationLandscapeLeft UIInterfaceOrientationLandscapeRight";
				INFOPLIST_KEY_UISupportedInterfaceOrientations_iPhone = "UIInterfaceOrientationPortrait UIInterfaceOrientationLandscapeLeft UIInterfaceOrientationLandscapeRight";
				IPHONEOS_DEPLOYMENT_TARGET = 26.0;
				LD_RUNPATH_SEARCH_PATHS = (
					"$(inherited)",
					"@executable_path/Frameworks",
				);
				MARKETING_VERSION = 1.0;
				PRODUCT_BUNDLE_IDENTIFIER = com.gonzalomolina.MochilaAlarma;
				PRODUCT_NAME = "$(TARGET_NAME)";
				STRING_CATALOG_GENERATE_SYMBOLS = YES;
				SWIFT_APPROACHABLE_CONCURRENCY = YES;
				SWIFT_DEFAULT_ACTOR_ISOLATION = MainActor;
				SWIFT_EMIT_LOC_STRINGS = YES;
				SWIFT_UPCOMING_FEATURE_MEMBER_IMPORT_VISIBILITY = YES;
				SWIFT_VERSION = 5.0;
				TARGETED_DEVICE_FAMILY = "1,2";
			};
			name = Debug;
		};
		7F492BC82EF1161400A65308 /* Release */ = {
			isa = XCBuildConfiguration;
			buildSettings = {
				ASSETCATALOG_COMPILER_APPICON_NAME = AppIcon;
				ASSETCATALOG_COMPILER_GLOBAL_ACCENT_COLOR_NAME = AccentColor;
				CODE_SIGN_STYLE = Automatic;
				CURRENT_PROJECT_VERSION = 1;
				DEVELOPMENT_TEAM = X7S6AXXC9S;
				ENABLE_PREVIEWS = YES;
				GENERATE_INFOPLIST_FILE = NO;
				INFOPLIST_FILE = MochilaAlarma/Info.plist;
				INFOPLIST_KEY_CFBundleDisplayName = Mochila;
				INFOPLIST_KEY_LSApplicationCategoryType = "public.app-category.developer-tools";
				INFOPLIST_KEY_UIApplicationSceneManifest_Generation = YES;
				INFOPLIST_KEY_UIApplicationSupportsIndirectInputEvents = YES;
				INFOPLIST_KEY_UILaunchScreen_Generation = YES;
				INFOPLIST_KEY_UISupportedInterfaceOrientations_iPad = "UIInterfaceOrientationPortrait UIInterfaceOrientationPortraitUpsideDown UIInterfaceOrientationLandscapeLeft UIInterfaceOrientationLandscapeRight";
				INFOPLIST_KEY_UISupportedInterfaceOrientations_iPhone = "UIInterfaceOrientationPortrait UIInterfaceOrientationLandscapeLeft UIInterfaceOrientationLandscapeRight";
				IPHONEOS_DEPLOYMENT_TARGET = 26.0;
				LD_RUNPATH_SEARCH_PATHS = (
					"$(inherited)",
					"@executable_path/Frameworks",
				);
				MARKETING_VERSION = 1.0;
				PRODUCT_BUNDLE_IDENTIFIER = com.gonzalomolina.MochilaAlarma;
				PRODUCT_NAME = "$(TARGET_NAME)";
				STRING_CATALOG_GENERATE_SYMBOLS = YES;
				SWIFT_APPROACHABLE_CONCURRENCY = YES;
				SWIFT_DEFAULT_ACTOR_ISOLATION = MainActor;
				SWIFT_EMIT_LOC_STRINGS = YES;
				SWIFT_UPCOMING_FEATURE_MEMBER_IMPORT_VISIBILITY = YES;
				SWIFT_VERSION = 5.0;
				TARGETED_DEVICE_FAMILY = "1,2";
			};
			name = Release;
		};
		7F492BCA2EF1161400A65308 /* Debug */ = {
			isa = XCBuildConfiguration;
			buildSettings = {
				BUNDLE_LOADER = "$(TEST_HOST)";
				CODE_SIGN_STYLE = Automatic;
				CURRENT_PROJECT_VERSION = 1;
				DEVELOPMENT_TEAM = X7S6AXXC9S;
				GENERATE_INFOPLIST_FILE = YES;
				IPHONEOS_DEPLOYMENT_TARGET = 26.1;
				MARKETING_VERSION = 1.0;
				PRODUCT_BUNDLE_IDENTIFIER = com.gonzalomolina.MochilaAlarmaTests;
				PRODUCT_NAME = "$(TARGET_NAME)";
				STRING_CATALOG_GENERATE_SYMBOLS = NO;
				SWIFT_APPROACHABLE_CONCURRENCY = YES;
				SWIFT_EMIT_LOC_STRINGS = NO;
				SWIFT_UPCOMING_FEATURE_MEMBER_IMPORT_VISIBILITY = YES;
				SWIFT_VERSION = 5.0;
				TARGETED_DEVICE_FAMILY = "1,2";
				TEST_HOST = "$(BUILT_PRODUCTS_DIR)/MochilaAlarma.app/$(BUNDLE_EXECUTABLE_FOLDER_PATH)/MochilaAlarma";
			};
			name = Debug;
		};
		7F492BCB2EF1161400A65308 /* Release */ = {
			isa = XCBuildConfiguration;
			buildSettings = {
				BUNDLE_LOADER = "$(TEST_HOST)";
				CODE_SIGN_STYLE = Automatic;
				CURRENT_PROJECT_VERSION = 1;
				DEVELOPMENT_TEAM = X7S6AXXC9S;
				GENERATE_INFOPLIST_FILE = YES;
				IPHONEOS_DEPLOYMENT_TARGET = 26.1;
				MARKETING_VERSION = 1.0;
				PRODUCT_BUNDLE_IDENTIFIER = com.gonzalomolina.MochilaAlarmaTests;
				PRODUCT_NAME = "$(TARGET_NAME)";
				STRING_CATALOG_GENERATE_SYMBOLS = NO;
				SWIFT_APPROACHABLE_CONCURRENCY = YES;
				SWIFT_EMIT_LOC_STRINGS = NO;
				SWIFT_UPCOMING_FEATURE_MEMBER_IMPORT_VISIBILITY = YES;
				SWIFT_VERSION = 5.0;
				TARGETED_DEVICE_FAMILY = "1,2";
				TEST_HOST = "$(BUILT_PRODUCTS_DIR)/MochilaAlarma.app/$(BUNDLE_EXECUTABLE_FOLDER_PATH)/MochilaAlarma";
			};
			name = Release;
		};
		7F492BCD2EF1161400A65308 /* Debug */ = {
			isa = XCBuildConfiguration;
			buildSettings = {
				CODE_SIGN_STYLE = Automatic;
				CURRENT_PROJECT_VERSION = 1;
				DEVELOPMENT_TEAM = X7S6AXXC9S;
				GENERATE_INFOPLIST_FILE = YES;
				MARKETING_VERSION = 1.0;
				PRODUCT_BUNDLE_IDENTIFIER = com.gonzalomolina.MochilaAlarmaUITests;
				PRODUCT_NAME = "$(TARGET_NAME)";
				STRING_CATALOG_GENERATE_SYMBOLS = NO;
				SWIFT_APPROACHABLE_CONCURRENCY = YES;
				SWIFT_EMIT_LOC_STRINGS = NO;
				SWIFT_UPCOMING_FEATURE_MEMBER_IMPORT_VISIBILITY = YES;
				SWIFT_VERSION = 5.0;
				TARGETED_DEVICE_FAMILY = "1,2";
				TEST_TARGET_NAME = MochilaAlarma;
			};
			name = Debug;
		};
		7F492BCE2EF1161400A65308 /* Release */ = {
			isa = XCBuildConfiguration;
			buildSettings = {
				CODE_SIGN_STYLE = Automatic;
				CURRENT_PROJECT_VERSION = 1;
				DEVELOPMENT_TEAM = X7S6AXXC9S;
				GENERATE_INFOPLIST_FILE = YES;
				MARKETING_VERSION = 1.0;
				PRODUCT_BUNDLE_IDENTIFIER = com.gonzalomolina.MochilaAlarmaUITests;
				PRODUCT_NAME = "$(TARGET_NAME)";
				STRING_CATALOG_GENERATE_SYMBOLS = NO;
				SWIFT_APPROACHABLE_CONCURRENCY = YES;
				SWIFT_EMIT_LOC_STRINGS = NO;
				SWIFT_UPCOMING_FEATURE_MEMBER_IMPORT_VISIBILITY = YES;
				SWIFT_VERSION = 5.0;
				TARGETED_DEVICE_FAMILY = "1,2";
				TEST_TARGET_NAME = MochilaAlarma;
			};
			name = Release;
		};
/* End XCBuildConfiguration section */

/* Begin XCConfigurationList section */
		7F492B9E2EF1161100A65308 /* Build configuration list for PBXProject "MochilaAlarma" */ = {
			isa = XCConfigurationList;
			buildConfigurations = (
				7F492BC42EF1161400A65308 /* Debug */,
				7F492BC52EF1161400A65308 /* Release */,
			);
			defaultConfigurationIsVisible = 0;
			defaultConfigurationName = Release;
		};
		7F492BC62EF1161400A65308 /* Build configuration list for PBXNativeTarget "MochilaAlarma" */ = {
			isa = XCConfigurationList;
			buildConfigurations = (
				7F492BC72EF1161400A65308 /* Debug */,
				7F492BC82EF1161400A65308 /* Release */,
			);
			defaultConfigurationIsVisible = 0;
			defaultConfigurationName = Release;
		};
		7F492BC92EF1161400A65308 /* Build configuration list for PBXNativeTarget "MochilaAlarmaTests" */ = {
			isa = XCConfigurationList;
			buildConfigurations = (
				7F492BCA2EF1161400A65308 /* Debug */,
				7F492BCB2EF1161400A65308 /* Release */,
			);
			defaultConfigurationIsVisible = 0;
			defaultConfigurationName = Release;
		};
		7F492BCC2EF1161400A65308 /* Build configuration list for PBXNativeTarget "MochilaAlarmaUITests" */ = {
			isa = XCConfigurationList;
			buildConfigurations = (
				7F492BCD2EF1161400A65308 /* Debug */,
				7F492BCE2EF1161400A65308 /* Release */,
			);
			defaultConfigurationIsVisible = 0;
			defaultConfigurationName = Release;
		};
/* End XCConfigurationList section */
	};
	rootObject = 7F492B9B2EF1161100A65308 /* Project object */;
}
